// !$*UTF8*$!
{
	archiveVersion = 1;
	classes = {
	};
	objectVersion = 56;
	objects = {

/* Begin PBXBuildFile section */
		A1B2C3D4E5F6000000000021 /* AppDelegate.swift in Sources */ = {isa = PBXBuildFile; fileRef = A1B2C3D4E5F6000000000009 /* AppDelegate.swift */; };
		A1B2C3D4E5F6000000000022 /* AudioLibrary.swift in Sources */ = {isa = PBXBuildFile; fileRef = A1B2C3D4E5F600000000000A /* AudioLibrary.swift */; };
		A1B2C3D4E5F6000000000023 /* LaunchAtLoginController.swift in Sources */ = {isa = PBXBuildFile; fileRef = A1B2C3D4E5F600000000000B /* LaunchAtLoginController.swift */; };
		A1B2C3D4E5F6000000000024 /* LidAngleSensor.swift in Sources */ = {isa = PBXBuildFile; fileRef = A1B2C3D4E5F600000000000C /* LidAngleSensor.swift */; };
		A1B2C3D4E5F6000000000025 /* LidMonitor.swift in Sources */ = {isa = PBXBuildFile; fileRef = A1B2C3D4E5F600000000000D /* LidMonitor.swift */; };
		A1B2C3D4E5F6000000000026 /* PowerControllers.swift in Sources */ = {isa = PBXBuildFile; fileRef = A1B2C3D4E5F600000000000E /* PowerControllers.swift */; };
		A1B2C3D4E5F6000000000027 /* SleepSoundPlayer.swift in Sources */ = {isa = PBXBuildFile; fileRef = A1B2C3D4E5F600000000000F /* SleepSoundPlayer.swift */; };
		A1B2C3D4E5F6000000000028 /* main.swift in Sources */ = {isa = PBXBuildFile; fileRef = A1B2C3D4E5F6000000000010 /* main.swift */; };
		A1B2C3D4E5F6000000000029 /* sm64ds-bye.wav in Resources */ = {isa = PBXBuildFile; fileRef = A1B2C3D4E5F6000000000011 /* sm64ds-bye.wav */; };
		B87639ED2F6515F700F4F2B0 /* Assets.xcassets in Resources */ = {isa = PBXBuildFile; fileRef = B87639EC2F6515F700F4F2B0 /* Assets.xcassets */; };
/* End PBXBuildFile section */

/* Begin PBXFileReference section */
		A1B2C3D4E5F6000000000007 /* Mac Lid Lullaby.app */ = {isa = PBXFileReference; explicitFileType = wrapper.application; includeInIndex = 0; path = "Mac Lid Lullaby.app"; sourceTree = BUILT_PRODUCTS_DIR; };
		A1B2C3D4E5F6000000000008 /* Info.plist */ = {isa = PBXFileReference; lastKnownFileType = text.plist.xml; path = Info.plist; sourceTree = "<group>"; };
		A1B2C3D4E5F6000000000009 /* AppDelegate.swift */ = {isa = PBXFileReference; lastKnownFileType = sourcecode.swift; path = AppDelegate.swift; sourceTree = "<group>"; };
		A1B2C3D4E5F600000000000A /* AudioLibrary.swift */ = {isa = PBXFileReference; lastKnownFileType = sourcecode.swift; path = AudioLibrary.swift; sourceTree = "<group>"; };
		A1B2C3D4E5F600000000000B /* LaunchAtLoginController.swift */ = {isa = PBXFileReference; lastKnownFileType = sourcecode.swift; path = LaunchAtLoginController.swift; sourceTree = "<group>"; };
		A1B2C3D4E5F600000000000C /* LidAngleSensor.swift */ = {isa = PBXFileReference; lastKnownFileType = sourcecode.swift; path = LidAngleSensor.swift; sourceTree = "<group>"; };
		A1B2C3D4E5F600000000000D /* LidMonitor.swift */ = {isa = PBXFileReference; lastKnownFileType = sourcecode.swift; path = LidMonitor.swift; sourceTree = "<group>"; };
		A1B2C3D4E5F600000000000E /* PowerControllers.swift */ = {isa = PBXFileReference; lastKnownFileType = sourcecode.swift; path = PowerControllers.swift; sourceTree = "<group>"; };
		A1B2C3D4E5F600000000000F /* SleepSoundPlayer.swift */ = {isa = PBXFileReference; lastKnownFileType = sourcecode.swift; path = SleepSoundPlayer.swift; sourceTree = "<group>"; };
		A1B2C3D4E5F6000000000010 /* main.swift */ = {isa = PBXFileReference; lastKnownFileType = sourcecode.swift; path = main.swift; sourceTree = "<group>"; };
		A1B2C3D4E5F6000000000011 /* sm64ds-bye.wav */ = {isa = PBXFileReference; lastKnownFileType = audio.wav; path = "sm64ds-bye.wav"; sourceTree = "<group>"; };
		B87639EC2F6515F700F4F2B0 /* Assets.xcassets */ = {isa = PBXFileReference; lastKnownFileType = folder.assetcatalog; path = Assets.xcassets; sourceTree = "<group>"; };
/* End PBXFileReference section */

/* Begin PBXFrameworksBuildPhase section */
		A1B2C3D4E5F6000000000032 /* Frameworks */ = {
			isa = PBXFrameworksBuildPhase;
			buildActionMask = 2147483647;
			files = (
			);
			runOnlyForDeploymentPostprocessing = 0;
		};
/* End PBXFrameworksBuildPhase section */

/* Begin PBXGroup section */
		A1B2C3D4E5F6000000000002 = {
			isa = PBXGroup;
			children = (
				A1B2C3D4E5F6000000000004 /* App */,
				A1B2C3D4E5F6000000000005 /* Sources */,
				A1B2C3D4E5F6000000000003 /* Products */,
			);
			sourceTree = "<group>";
		};
		A1B2C3D4E5F6000000000003 /* Products */ = {
			isa = PBXGroup;
			children = (
				A1B2C3D4E5F6000000000007 /* Mac Lid Lullaby.app */,
			);
			name = Products;
			sourceTree = "<group>";
		};
		A1B2C3D4E5F6000000000004 /* App */ = {
			isa = PBXGroup;
			children = (
				A1B2C3D4E5F6000000000008 /* Info.plist */,
			);
			path = App;
			sourceTree = "<group>";
		};
		A1B2C3D4E5F6000000000005 /* Sources */ = {
			isa = PBXGroup;
			children = (
				B87639EC2F6515F700F4F2B0 /* Assets.xcassets */,
				A1B2C3D4E5F6000000000009 /* AppDelegate.swift */,
				A1B2C3D4E5F600000000000A /* AudioLibrary.swift */,
				A1B2C3D4E5F600000000000B /* LaunchAtLoginController.swift */,
				A1B2C3D4E5F600000000000C /* LidAngleSensor.swift */,
				A1B2C3D4E5F600000000000D /* LidMonitor.swift */,
				A1B2C3D4E5F600000000000E /* PowerControllers.swift */,
				A1B2C3D4E5F600000000000F /* SleepSoundPlayer.swift */,
				A1B2C3D4E5F6000000000010 /* main.swift */,
				A1B2C3D4E5F6000000000006 /* Resources */,
			);
			path = Sources;
			sourceTree = "<group>";
		};
		A1B2C3D4E5F6000000000006 /* Resources */ = {
			isa = PBXGroup;
			children = (
				A1B2C3D4E5F6000000000011 /* sm64ds-bye.wav */,
			);
			path = Resources;
			sourceTree = "<group>";
		};
/* End PBXGroup section */

/* Begin PBXNativeTarget section */
		A1B2C3D4E5F6000000000034 /* Mac Lid Lullaby */ = {
			isa = PBXNativeTarget;
			buildConfigurationList = A1B2C3D4E5F6000000000036 /* Build configuration list for PBXNativeTarget "Mac Lid Lullaby" */;
			buildPhases = (
				A1B2C3D4E5F6000000000031 /* Sources */,
				A1B2C3D4E5F6000000000032 /* Frameworks */,
				A1B2C3D4E5F6000000000033 /* Resources */,
			);
			buildRules = (
			);
			dependencies = (
			);
			name = "Mac Lid Lullaby";
			productName = "Mac Lid Lullaby";
			productReference = A1B2C3D4E5F6000000000007 /* Mac Lid Lullaby.app */;
			productType = "com.apple.product-type.application";
		};
/* End PBXNativeTarget section */

/* Begin PBXProject section */
		A1B2C3D4E5F6000000000001 /* Project object */ = {
			isa = PBXProject;
			attributes = {
				BuildIndependentTargetsInParallel = 1;
				LastSwiftUpdateCheck = 1620;
				LastUpgradeCheck = 1620;
				TargetAttributes = {
					A1B2C3D4E5F6000000000034 = {
						CreatedOnToolsVersion = 16.2;
					};
				};
			};
			buildConfigurationList = A1B2C3D4E5F6000000000035 /* Build configuration list for PBXProject "Mac Lid Lullaby" */;
			compatibilityVersion = "Xcode 14.0";
			developmentRegion = en;
			hasScannedForEncodings = 0;
			knownRegions = (
				en,
				Base,
			);
			mainGroup = A1B2C3D4E5F6000000000002;
			productRefGroup = A1B2C3D4E5F6000000000003 /* Products */;
			projectDirPath = "";
			projectRoot = "";
			targets = (
				A1B2C3D4E5F6000000000034 /* Mac Lid Lullaby */,
			);
		};
/* End PBXProject section */

/* Begin PBXResourcesBuildPhase section */
		A1B2C3D4E5F6000000000033 /* Resources */ = {
			isa = PBXResourcesBuildPhase;
			buildActionMask = 2147483647;
			files = (
				B87639ED2F6515F700F4F2B0 /* Assets.xcassets in Resources */,
				A1B2C3D4E5F6000000000029 /* sm64ds-bye.wav in Resources */,
			);
			runOnlyForDeploymentPostprocessing = 0;
		};
/* End PBXResourcesBuildPhase section */

/* Begin PBXSourcesBuildPhase section */
		A1B2C3D4E5F6000000000031 /* Sources */ = {
			isa = PBXSourcesBuildPhase;
			buildActionMask = 2147483647;
			files = (
				A1B2C3D4E5F6000000000021 /* AppDelegate.swift in Sources */,
				A1B2C3D4E5F6000000000022 /* AudioLibrary.swift in Sources */,
				A1B2C3D4E5F6000000000023 /* LaunchAtLoginController.swift in Sources */,
				A1B2C3D4E5F6000000000024 /* LidAngleSensor.swift in Sources */,
				A1B2C3D4E5F6000000000025 /* LidMonitor.swift in Sources */,
				A1B2C3D4E5F6000000000026 /* PowerControllers.swift in Sources */,
				A1B2C3D4E5F6000000000027 /* SleepSoundPlayer.swift in Sources */,
				A1B2C3D4E5F6000000000028 /* main.swift in Sources */,
			);
			runOnlyForDeploymentPostprocessing = 0;
		};
/* End PBXSourcesBuildPhase section */

/* Begin XCBuildConfiguration section */
		A1B2C3D4E5F6000000000037 /* Debug */ = {
			isa = XCBuildConfiguration;
			buildSettings = {
				ALWAYS_SEARCH_USER_PATHS = NO;
				CLANG_ENABLE_MODULES = YES;
				CLANG_ENABLE_OBJC_ARC = YES;
				COPY_PHASE_STRIP = NO;
				DEBUG_INFORMATION_FORMAT = dwarf;
				GCC_C_LANGUAGE_STANDARD = gnu11;
				GCC_NO_COMMON_BLOCKS = YES;
				GCC_OPTIMIZATION_LEVEL = 0;
				MACOSX_DEPLOYMENT_TARGET = 13.0;
				ONLY_ACTIVE_ARCH = YES;
				SDKROOT = macosx;
				SWIFT_ACTIVE_COMPILATION_CONDITIONS = DEBUG;
				SWIFT_OPTIMIZATION_LEVEL = "-Onone";
			};
			name = Debug;
		};
		A1B2C3D4E5F6000000000038 /* Release */ = {
			isa = XCBuildConfiguration;
			buildSettings = {
				ALWAYS_SEARCH_USER_PATHS = NO;
				CLANG_ENABLE_MODULES = YES;
				CLANG_ENABLE_OBJC_ARC = YES;
				COPY_PHASE_STRIP = NO;
				DEBUG_INFORMATION_FORMAT = "dwarf-with-dsym";
				ENABLE_NS_ASSERTIONS = NO;
				GCC_C_LANGUAGE_STANDARD = gnu11;
				GCC_NO_COMMON_BLOCKS = YES;
				MACOSX_DEPLOYMENT_TARGET = 13.0;
				SDKROOT = macosx;
				SWIFT_COMPILATION_MODE = wholemodule;
				SWIFT_OPTIMIZATION_LEVEL = "-O";
				VALIDATE_PRODUCT = YES;
			};
			name = Release;
		};
		A1B2C3D4E5F6000000000039 /* Debug */ = {
			isa = XCBuildConfiguration;
			buildSettings = {
				ALWAYS_EMBED_SWIFT_STANDARD_LIBRARIES = YES;
				ASSETCATALOG_COMPILER_APPICON_NAME = AppIcon;
				ASSETCATALOG_COMPILER_INCLUDE_ALL_APPICON_ASSETS = NO;
				CODE_SIGN_STYLE = Automatic;
				CURRENT_PROJECT_VERSION = 1;
				DEVELOPMENT_TEAM = GZZH6JZ9Q5;
				ENABLE_HARDENED_RUNTIME = YES;
				EXECUTABLE_NAME = "mac-lid-lullaby";
				GENERATE_INFOPLIST_FILE = NO;
				INFOPLIST_FILE = App/Info.plist;
				LD_RUNPATH_SEARCH_PATHS = (
					"$(inherited)",
					"@executable_path/../Frameworks",
				);
				MACOSX_DEPLOYMENT_TARGET = 13.0;
				MARKETING_VERSION = 1.0;
				PRODUCT_BUNDLE_IDENTIFIER = "com.patrickgatewood.mac-lid-lullaby";
				PRODUCT_NAME = "$(TARGET_NAME)";
				SDKROOT = macosx;
				SWIFT_EMIT_LOC_STRINGS = YES;
				SWIFT_VERSION = 5.0;
			};
			name = Debug;
		};
		A1B2C3D4E5F600000000003A /* Release */ = {
			isa = XCBuildConfiguration;
			buildSettings = {
				ALWAYS_EMBED_SWIFT_STANDARD_LIBRARIES = YES;
				ASSETCATALOG_COMPILER_APPICON_NAME = AppIcon;
				ASSETCATALOG_COMPILER_INCLUDE_ALL_APPICON_ASSETS = NO;
				CODE_SIGN_STYLE = Automatic;
				CURRENT_PROJECT_VERSION = 1;
				DEVELOPMENT_TEAM = GZZH6JZ9Q5;
				ENABLE_HARDENED_RUNTIME = YES;
				EXECUTABLE_NAME = "mac-lid-lullaby";
				GENERATE_INFOPLIST_FILE = NO;
				INFOPLIST_FILE = App/Info.plist;
				LD_RUNPATH_SEARCH_PATHS = (
					"$(inherited)",
					"@executable_path/../Frameworks",
				);
				MACOSX_DEPLOYMENT_TARGET = 13.0;
				MARKETING_VERSION = 1.0;
				PRODUCT_BUNDLE_IDENTIFIER = "com.patrickgatewood.mac-lid-lullaby";
				PRODUCT_NAME = "$(TARGET_NAME)";
				SDKROOT = macosx;
				SWIFT_EMIT_LOC_STRINGS = YES;
				SWIFT_VERSION = 5.0;
			};
			name = Release;
		};
/* End XCBuildConfiguration section */

/* Begin XCConfigurationList section */
		A1B2C3D4E5F6000000000035 /* Build configuration list for PBXProject "Mac Lid Lullaby" */ = {
			isa = XCConfigurationList;
			buildConfigurations = (
				A1B2C3D4E5F6000000000037 /* Debug */,
				A1B2C3D4E5F6000000000038 /* Release */,
			);
			defaultConfigurationIsVisible = 0;
			defaultConfigurationName = Release;
		};
		A1B2C3D4E5F6000000000036 /* Build configuration list for PBXNativeTarget "Mac Lid Lullaby" */ = {
			isa = XCConfigurationList;
			buildConfigurations = (
				A1B2C3D4E5F6000000000039 /* Debug */,
				A1B2C3D4E5F600000000003A /* Release */,
			);
			defaultConfigurationIsVisible = 0;
			defaultConfigurationName = Release;
		};
/* End XCConfigurationList section */
	};
	rootObject = A1B2C3D4E5F6000000000001 /* Project object */;
}
